# THIS IS AN AUTOGENERATED FILE. DO NOT EDIT THIS FILE DIRECTLY.
# yarn lockfile v1


react-native-keyboard-aware-scroll-view@^0.2.7:
  version "0.2.7"
  resolved "https://registry.yarnpkg.com/react-native-keyboard-aware-scroll-view/-/react-native-keyboard-aware-scroll-view-0.2.7.tgz#dd344cec25284b6314f1cc9d1b75ba267483c6b6"
  dependencies:
    react-timer-mixin "^0.13.3"

react-timer-mixin@^0.13.3:
  version "0.13.3"
  resolved "https://registry.yarnpkg.com/react-timer-mixin/-/react-timer-mixin-0.13.3.tgz#0da8b9f807ec07dc3e854d082c737c65605b3d22"
